
Microsoft Visual Studio Solution File, Format Version 12.00
# Visual Studio Version 17
VisualStudioVersion = 17.10.34928.147
MinimumVisualStudioVersion = 10.0.40219.1
Project("{FAE04EC0-301F-11D3-BF4B-00C04F79EFBC}") = "WPF Color Picker", "WPF Color Picker\WPF Color Picker.csproj", "{E71352E3-CF64-4B62-B5A9-AE70837DBEB6}"
EndProject
Global
	GlobalSection(SolutionConfigurationPlatforms) = preSolution
		Debug|Any CPU = Debug|Any CPU
		Release|Any CPU = Release|Any CPU
	EndGlobalSection
	GlobalSection(ProjectConfigurationPlatforms) = postSolution
		{E71352E3-CF64-4B62-B5A9-AE70837DBEB6}.Debug|Any CPU.ActiveCfg = Debug|Any CPU
		{E71352E3-CF64-4B62-B5A9-AE70837DBEB6}.Debug|Any CPU.Build.0 = Debug|Any CPU
		{E71352E3-CF64-4B62-B5A9-AE70837DBEB6}.Release|Any CPU.ActiveCfg = Release|Any CPU
		{E71352E3-CF64-4B62-B5A9-AE70837DBEB6}.Release|Any CPU.Build.0 = Release|Any CPU
	EndGlobalSection
	GlobalSection(SolutionProperties) = preSolution
		HideSolutionNode = FALSE
	EndGlobalSection
	GlobalSection(ExtensibilityGlobals) = postSolution
		SolutionGuid = {7064AD02-8EAD-4D78-BC14-555A978FD08F}
	EndGlobalSection
EndGlobal
